
Microsoft Visual Studio Solution File, Format Version 12.00
# Visual Studio Version 16
VisualStudioVersion = 16.0.31410.357
MinimumVisualStudioVersion = 10.0.40219.1
Project("{FAE04EC0-301F-11D3-BF4B-00C04F79EFBC}") = "BigSchool", "BigSchool\BigSchool.csproj", "{F2600132-AB8B-4165-BF44-FF4159724CE4}"
EndProject
Global
	GlobalSection(SolutionConfigurationPlatforms) = preSolution
		Debug|Any CPU = Debug|Any CPU
		Release|Any CPU = Release|Any CPU
	EndGlobalSection
	GlobalSection(ProjectConfigurationPlatforms) = postSolution
		{F2600132-AB8B-4165-BF44-FF4159724CE4}.Debug|Any CPU.ActiveCfg = Debug|Any CPU
		{F2600132-AB8B-4165-BF44-FF4159724CE4}.Debug|Any CPU.Build.0 = Debug|Any CPU
		{F2600132-AB8B-4165-BF44-FF4159724CE4}.Release|Any CPU.ActiveCfg = Release|Any CPU
		{F2600132-AB8B-4165-BF44-FF4159724CE4}.Release|Any CPU.Build.0 = Release|Any CPU
	EndGlobalSection
	GlobalSection(SolutionProperties) = preSolution
		HideSolutionNode = FALSE
	EndGlobalSection
	GlobalSection(ExtensibilityGlobals) = postSolution
		SolutionGuid = {2E38D2B7-B69B-4DBE-B965-97A817121EDE}
	EndGlobalSection
EndGlobal
